
Microsoft Visual Studio Solution File, Format Version 12.00
# Visual Studio Version 17
VisualStudioVersion = 17.11.35222.181
MinimumVisualStudioVersion = 10.0.40219.1
Project("{FAE04EC0-301F-11D3-BF4B-00C04F79EFBC}") = "Melodify", "Melodify\Melodify.csproj", "{B156F108-5464-421A-8839-4CFE73B8DB2A}"
EndProject
Global
	GlobalSection(SolutionConfigurationPlatforms) = preSolution
		Debug|Any CPU = Debug|Any CPU
		Release|Any CPU = Release|Any CPU
	EndGlobalSection
	GlobalSection(ProjectConfigurationPlatforms) = postSolution
		{B156F108-5464-421A-8839-4CFE73B8DB2A}.Debug|Any CPU.ActiveCfg = Debug|Any CPU
		{B156F108-5464-421A-8839-4CFE73B8DB2A}.Debug|Any CPU.Build.0 = Debug|Any CPU
		{B156F108-5464-421A-8839-4CFE73B8DB2A}.Release|Any CPU.ActiveCfg = Release|Any CPU
		{B156F108-5464-421A-8839-4CFE73B8DB2A}.Release|Any CPU.Build.0 = Release|Any CPU
	EndGlobalSection
	GlobalSection(SolutionProperties) = preSolution
		HideSolutionNode = FALSE
	EndGlobalSection
	GlobalSection(ExtensibilityGlobals) = postSolution
		SolutionGuid = {8B34C55B-75D0-419C-B736-5C2FF74E70E1}
	EndGlobalSection
EndGlobal
